
Microsoft Visual Studio Solution File, Format Version 12.00
# Visual Studio Version 16
VisualStudioVersion = 16.0.32901.82
MinimumVisualStudioVersion = 10.0.40219.1
Project("{2150E333-8FDC-42A3-9474-1A3956D46DE8}") = "01. Internal", "01. Internal", "{8A607498-CE7A-4ADA-A1AB-3B84EB4A67DD}"
EndProject
Project("{2150E333-8FDC-42A3-9474-1A3956D46DE8}") = "02. External", "02. External", "{FEB09B0F-D140-4182-A0AD-D8AAA1E05B65}"
EndProject
Project("{9A19103F-16F7-4668-BE54-9A1E7A4F7556}") = "MARVEL.COMICS.BUSINESSLOGIC", "MARVEL.COMICS.BUSINESSLOGIC\MARVEL.COMICS.BUSINESSLOGIC.csproj", "{4EAFEF31-05DE-4390-9A29-789C5E22FE1A}"
EndProject
Project("{9A19103F-16F7-4668-BE54-9A1E7A4F7556}") = "MARVEL.COMICS.REPOSITORY", "MARVEL.COMICS.REPOSITORY\MARVEL.COMICS.REPOSITORY.csproj", "{B32544C0-4153-49BF-8B85-D3A7B00B430E}"
EndProject
Project("{9A19103F-16F7-4668-BE54-9A1E7A4F7556}") = "MARVEL.COMICS.API", "MARVEL.COMICS.API\MARVEL.COMICS.API.csproj", "{8F274B4B-18CF-4D9C-B676-BD86FC6E7442}"
EndProject
Project("{9A19103F-16F7-4668-BE54-9A1E7A4F7556}") = "MARVEL.COMICS.TESTS", "MARVEL.COMICS.TESTS\MARVEL.COMICS.TESTS.csproj", "{B1F72B8C-EB30-4F28-8761-EA7047CFE8CC}"
EndProject
Project("{FAE04EC0-301F-11D3-BF4B-00C04F79EFBC}") = "MARVEL.COMICS.WEB", "MARVEL.COMICS.WEB\MARVEL.COMICS.WEB.csproj", "{CA5B2BCA-AC08-40F6-89EC-8930DE0BF5D8}"
EndProject
Global
	GlobalSection(SolutionConfigurationPlatforms) = preSolution
		Debug|Any CPU = Debug|Any CPU
		Release|Any CPU = Release|Any CPU
	EndGlobalSection
	GlobalSection(ProjectConfigurationPlatforms) = postSolution
		{4EAFEF31-05DE-4390-9A29-789C5E22FE1A}.Debug|Any CPU.ActiveCfg = Debug|Any CPU
		{4EAFEF31-05DE-4390-9A29-789C5E22FE1A}.Debug|Any CPU.Build.0 = Debug|Any CPU
		{4EAFEF31-05DE-4390-9A29-789C5E22FE1A}.Release|Any CPU.ActiveCfg = Release|Any CPU
		{4EAFEF31-05DE-4390-9A29-789C5E22FE1A}.Release|Any CPU.Build.0 = Release|Any CPU
		{B32544C0-4153-49BF-8B85-D3A7B00B430E}.Debug|Any CPU.ActiveCfg = Debug|Any CPU
		{B32544C0-4153-49BF-8B85-D3A7B00B430E}.Debug|Any CPU.Build.0 = Debug|Any CPU
		{B32544C0-4153-49BF-8B85-D3A7B00B430E}.Release|Any CPU.ActiveCfg = Release|Any CPU
		{B32544C0-4153-49BF-8B85-D3A7B00B430E}.Release|Any CPU.Build.0 = Release|Any CPU
		{8F274B4B-18CF-4D9C-B676-BD86FC6E7442}.Debug|Any CPU.ActiveCfg = Debug|Any CPU
		{8F274B4B-18CF-4D9C-B676-BD86FC6E7442}.Debug|Any CPU.Build.0 = Debug|Any CPU
		{8F274B4B-18CF-4D9C-B676-BD86FC6E7442}.Release|Any CPU.ActiveCfg = Release|Any CPU
		{8F274B4B-18CF-4D9C-B676-BD86FC6E7442}.Release|Any CPU.Build.0 = Release|Any CPU
		{B1F72B8C-EB30-4F28-8761-EA7047CFE8CC}.Debug|Any CPU.ActiveCfg = Debug|Any CPU
		{B1F72B8C-EB30-4F28-8761-EA7047CFE8CC}.Debug|Any CPU.Build.0 = Debug|Any CPU
		{B1F72B8C-EB30-4F28-8761-EA7047CFE8CC}.Release|Any CPU.ActiveCfg = Release|Any CPU
		{B1F72B8C-EB30-4F28-8761-EA7047CFE8CC}.Release|Any CPU.Build.0 = Release|Any CPU
		{CA5B2BCA-AC08-40F6-89EC-8930DE0BF5D8}.Debug|Any CPU.ActiveCfg = Debug|Any CPU
		{CA5B2BCA-AC08-40F6-89EC-8930DE0BF5D8}.Debug|Any CPU.Build.0 = Debug|Any CPU
		{CA5B2BCA-AC08-40F6-89EC-8930DE0BF5D8}.Release|Any CPU.ActiveCfg = Release|Any CPU
		{CA5B2BCA-AC08-40F6-89EC-8930DE0BF5D8}.Release|Any CPU.Build.0 = Release|Any CPU
	EndGlobalSection
	GlobalSection(SolutionProperties) = preSolution
		HideSolutionNode = FALSE
	EndGlobalSection
	GlobalSection(NestedProjects) = preSolution
		{4EAFEF31-05DE-4390-9A29-789C5E22FE1A} = {8A607498-CE7A-4ADA-A1AB-3B84EB4A67DD}
		{B32544C0-4153-49BF-8B85-D3A7B00B430E} = {8A607498-CE7A-4ADA-A1AB-3B84EB4A67DD}
		{8F274B4B-18CF-4D9C-B676-BD86FC6E7442} = {8A607498-CE7A-4ADA-A1AB-3B84EB4A67DD}
		{B1F72B8C-EB30-4F28-8761-EA7047CFE8CC} = {8A607498-CE7A-4ADA-A1AB-3B84EB4A67DD}
		{CA5B2BCA-AC08-40F6-89EC-8930DE0BF5D8} = {FEB09B0F-D140-4182-A0AD-D8AAA1E05B65}
	EndGlobalSection
	GlobalSection(ExtensibilityGlobals) = postSolution
		SolutionGuid = {E97B3AB0-D6F3-448C-8FFB-C58196F1EACD}
	EndGlobalSection
EndGlobal
